
Microsoft Visual Studio Solution File, Format Version 12.00
# Visual Studio Version 17
VisualStudioVersion = 17.5.33530.505
MinimumVisualStudioVersion = 10.0.40219.1
Project("{FAE04EC0-301F-11D3-BF4B-00C04F79EFBC}") = "WindowsFormsApp1", "WindowsFormsApp1\WindowsFormsApp1.csproj", "{941663FC-81C9-48EE-8213-D2EEAD2002CF}"
EndProject
Global
	GlobalSection(SolutionConfigurationPlatforms) = preSolution
		Debug|Any CPU = Debug|Any CPU
		Release|Any CPU = Release|Any CPU
	EndGlobalSection
	GlobalSection(ProjectConfigurationPlatforms) = postSolution
		{941663FC-81C9-48EE-8213-D2EEAD2002CF}.Debug|Any CPU.ActiveCfg = Debug|Any CPU
		{941663FC-81C9-48EE-8213-D2EEAD2002CF}.Debug|Any CPU.Build.0 = Debug|Any CPU
		{941663FC-81C9-48EE-8213-D2EEAD2002CF}.Release|Any CPU.ActiveCfg = Release|Any CPU
		{941663FC-81C9-48EE-8213-D2EEAD2002CF}.Release|Any CPU.Build.0 = Release|Any CPU
	EndGlobalSection
	GlobalSection(SolutionProperties) = preSolution
		HideSolutionNode = FALSE
	EndGlobalSection
	GlobalSection(ExtensibilityGlobals) = postSolution
		SolutionGuid = {F5CA363E-150E-4E8D-9277-9B5692260F7E}
	EndGlobalSection
EndGlobal
